
Microsoft Visual Studio Solution File, Format Version 12.00
# Visual Studio Version 16
VisualStudioVersion = 16.0.31229.75
MinimumVisualStudioVersion = 10.0.40219.1
Project("{FAE04EC0-301F-11D3-BF4B-00C04F79EFBC}") = "Kval11VDombrovskaya", "Kval11VDombrovskaya\Kval11VDombrovskaya.csproj", "{E1E6E75A-F53C-41A0-888D-2A20DB8E77A7}"
EndProject
Global
	GlobalSection(SolutionConfigurationPlatforms) = preSolution
		Debug|Any CPU = Debug|Any CPU
		Release|Any CPU = Release|Any CPU
	EndGlobalSection
	GlobalSection(ProjectConfigurationPlatforms) = postSolution
		{E1E6E75A-F53C-41A0-888D-2A20DB8E77A7}.Debug|Any CPU.ActiveCfg = Debug|Any CPU
		{E1E6E75A-F53C-41A0-888D-2A20DB8E77A7}.Debug|Any CPU.Build.0 = Debug|Any CPU
		{E1E6E75A-F53C-41A0-888D-2A20DB8E77A7}.Release|Any CPU.ActiveCfg = Release|Any CPU
		{E1E6E75A-F53C-41A0-888D-2A20DB8E77A7}.Release|Any CPU.Build.0 = Release|Any CPU
	EndGlobalSection
	GlobalSection(SolutionProperties) = preSolution
		HideSolutionNode = FALSE
	EndGlobalSection
	GlobalSection(ExtensibilityGlobals) = postSolution
		SolutionGuid = {8469F671-39B4-4311-85A1-5A17A39CDFE4}
	EndGlobalSection
EndGlobal
